// !$*UTF8*$!
{
	archiveVersion = 1;
	classes = {
	};
	objectVersion = 46;
	objects = {

/* Begin PBXBuildFile section */
		A9342B5E1B043F570091D463 /* CoreMotion.framework in Frameworks */ = {isa = PBXBuildFile; fileRef = A9342B5D1B043F570091D463 /* CoreMotion.framework */; };
		A9342B601B0440AA0091D463 /* Moscapsule.framework in Frameworks */ = {isa = PBXBuildFile; fileRef = A9342B5F1B0440AA0091D463 /* Moscapsule.framework */; };
		A9342B611B04446E0091D463 /* Moscapsule.framework in Frameworks */ = {isa = PBXBuildFile; fileRef = A9342B5F1B0440AA0091D463 /* Moscapsule.framework */; };
		A9342B621B04446E0091D463 /* Moscapsule.framework in Embed Frameworks */ = {isa = PBXBuildFile; fileRef = A9342B5F1B0440AA0091D463 /* Moscapsule.framework */; settings = {ATTRIBUTES = (CodeSignOnCopy, RemoveHeadersOnCopy, ); }; };
		A9638D5E1B043CC50026FCD7 /* AppDelegate.swift in Sources */ = {isa = PBXBuildFile; fileRef = A9638D5D1B043CC50026FCD7 /* AppDelegate.swift */; };
		A9638D601B043CC50026FCD7 /* ViewController.swift in Sources */ = {isa = PBXBuildFile; fileRef = A9638D5F1B043CC50026FCD7 /* ViewController.swift */; };
		A9638D631B043CC50026FCD7 /* Main.storyboard in Resources */ = {isa = PBXBuildFile; fileRef = A9638D611B043CC50026FCD7 /* Main.storyboard */; };
		A9638D651B043CC50026FCD7 /* Images.xcassets in Resources */ = {isa = PBXBuildFile; fileRef = A9638D641B043CC50026FCD7 /* Images.xcassets */; };
		A9638D681B043CC50026FCD7 /* LaunchScreen.xib in Resources */ = {isa = PBXBuildFile; fileRef = A9638D661B043CC50026FCD7 /* LaunchScreen.xib */; };
		A9638D741B043CC50026FCD7 /* MqttiOSTests.swift in Sources */ = {isa = PBXBuildFile; fileRef = A9638D731B043CC50026FCD7 /* MqttiOSTests.swift */; };
/* End PBXBuildFile section */

/* Begin PBXContainerItemProxy section */
		A9638D6E1B043CC50026FCD7 /* PBXContainerItemProxy */ = {
			isa = PBXContainerItemProxy;
			containerPortal = A9638D501B043CC50026FCD7 /* Project object */;
			proxyType = 1;
			remoteGlobalIDString = A9638D571B043CC50026FCD7;
			remoteInfo = MqttiOS;
		};
/* End PBXContainerItemProxy section */

/* Begin PBXCopyFilesBuildPhase section */
		A9342B631B04446E0091D463 /* Embed Frameworks */ = {
			isa = PBXCopyFilesBuildPhase;
			buildActionMask = 2147483647;
			dstPath = "";
			dstSubfolderSpec = 10;
			files = (
				A9342B621B04446E0091D463 /* Moscapsule.framework in Embed Frameworks */,
			);
			name = "Embed Frameworks";
			runOnlyForDeploymentPostprocessing = 0;
		};
/* End PBXCopyFilesBuildPhase section */

/* Begin PBXFileReference section */
		A9342B5D1B043F570091D463 /* CoreMotion.framework */ = {isa = PBXFileReference; lastKnownFileType = wrapper.framework; name = CoreMotion.framework; path = System/Library/Frameworks/CoreMotion.framework; sourceTree = SDKROOT; };
		A9342B5F1B0440AA0091D463 /* Moscapsule.framework */ = {isa = PBXFileReference; lastKnownFileType = wrapper.framework; name = Moscapsule.framework; path = "../../Library/Developer/Xcode/DerivedData/Moscapsule-gdjfjeqajkzlhldzwftxwgvkahcd/Build/Products/Debug-iphoneos/Moscapsule.framework"; sourceTree = "<group>"; };
		A9638D581B043CC50026FCD7 /* MqttiOS.app */ = {isa = PBXFileReference; explicitFileType = wrapper.application; includeInIndex = 0; path = MqttiOS.app; sourceTree = BUILT_PRODUCTS_DIR; };
		A9638D5C1B043CC50026FCD7 /* Info.plist */ = {isa = PBXFileReference; lastKnownFileType = text.plist.xml; path = Info.plist; sourceTree = "<group>"; };
		A9638D5D1B043CC50026FCD7 /* AppDelegate.swift */ = {isa = PBXFileReference; lastKnownFileType = sourcecode.swift; path = AppDelegate.swift; sourceTree = "<group>"; };
		A9638D5F1B043CC50026FCD7 /* ViewController.swift */ = {isa = PBXFileReference; lastKnownFileType = sourcecode.swift; path = ViewController.swift; sourceTree = "<group>"; };
		A9638D621B043CC50026FCD7 /* Base */ = {isa = PBXFileReference; lastKnownFileType = file.storyboard; name = Base; path = Base.lproj/Main.storyboard; sourceTree = "<group>"; };
		A9638D641B043CC50026FCD7 /* Images.xcassets */ = {isa = PBXFileReference; lastKnownFileType = folder.assetcatalog; path = Images.xcassets; sourceTree = "<group>"; };
		A9638D671B043CC50026FCD7 /* Base */ = {isa = PBXFileReference; lastKnownFileType = file.xib; name = Base; path = Base.lproj/LaunchScreen.xib; sourceTree = "<group>"; };
		A9638D6D1B043CC50026FCD7 /* MqttiOSTests.xctest */ = {isa = PBXFileReference; explicitFileType = wrapper.cfbundle; includeInIndex = 0; path = MqttiOSTests.xctest; sourceTree = BUILT_PRODUCTS_DIR; };
		A9638D721B043CC50026FCD7 /* Info.plist */ = {isa = PBXFileReference; lastKnownFileType = text.plist.xml; path = Info.plist; sourceTree = "<group>"; };
		A9638D731B043CC50026FCD7 /* MqttiOSTests.swift */ = {isa = PBXFileReference; lastKnownFileType = sourcecode.swift; path = MqttiOSTests.swift; sourceTree = "<group>"; };
/* End PBXFileReference section */

/* Begin PBXFrameworksBuildPhase section */
		A9638D551B043CC50026FCD7 /* Frameworks */ = {
			isa = PBXFrameworksBuildPhase;
			buildActionMask = 2147483647;
			files = (
				A9342B5E1B043F570091D463 /* CoreMotion.framework in Frameworks */,
				A9342B601B0440AA0091D463 /* Moscapsule.framework in Frameworks */,
				A9342B611B04446E0091D463 /* Moscapsule.framework in Frameworks */,
			);
			runOnlyForDeploymentPostprocessing = 0;
		};
		A9638D6A1B043CC50026FCD7 /* Frameworks */ = {
			isa = PBXFrameworksBuildPhase;
			buildActionMask = 2147483647;
			files = (
			);
			runOnlyForDeploymentPostprocessing = 0;
		};
/* End PBXFrameworksBuildPhase section */

/* Begin PBXGroup section */
		A9638D4F1B043CC50026FCD7 = {
			isa = PBXGroup;
			children = (
				A9342B5F1B0440AA0091D463 /* Moscapsule.framework */,
				A9342B5D1B043F570091D463 /* CoreMotion.framework */,
				A9638D5A1B043CC50026FCD7 /* MqttiOS */,
				A9638D701B043CC50026FCD7 /* MqttiOSTests */,
				A9638D591B043CC50026FCD7 /* Products */,
			);
			sourceTree = "<group>";
		};
		A9638D591B043CC50026FCD7 /* Products */ = {
			isa = PBXGroup;
			children = (
				A9638D581B043CC50026FCD7 /* MqttiOS.app */,
				A9638D6D1B043CC50026FCD7 /* MqttiOSTests.xctest */,
			);
			name = Products;
			sourceTree = "<group>";
		};
		A9638D5A1B043CC50026FCD7 /* MqttiOS */ = {
			isa = PBXGroup;
			children = (
				A9638D5D1B043CC50026FCD7 /* AppDelegate.swift */,
				A9638D5F1B043CC50026FCD7 /* ViewController.swift */,
				A9638D611B043CC50026FCD7 /* Main.storyboard */,
				A9638D641B043CC50026FCD7 /* Images.xcassets */,
				A9638D661B043CC50026FCD7 /* LaunchScreen.xib */,
				A9638D5B1B043CC50026FCD7 /* Supporting Files */,
			);
			path = MqttiOS;
			sourceTree = "<group>";
		};
		A9638D5B1B043CC50026FCD7 /* Supporting Files */ = {
			isa = PBXGroup;
			children = (
				A9638D5C1B043CC50026FCD7 /* Info.plist */,
			);
			name = "Supporting Files";
			sourceTree = "<group>";
		};
		A9638D701B043CC50026FCD7 /* MqttiOSTests */ = {
			isa = PBXGroup;
			children = (
				A9638D731B043CC50026FCD7 /* MqttiOSTests.swift */,
				A9638D711B043CC50026FCD7 /* Supporting Files */,
			);
			path = MqttiOSTests;
			sourceTree = "<group>";
		};
		A9638D711B043CC50026FCD7 /* Supporting Files */ = {
			isa = PBXGroup;
			children = (
				A9638D721B043CC50026FCD7 /* Info.plist */,
			);
			name = "Supporting Files";
			sourceTree = "<group>";
		};
/* End PBXGroup section */

/* Begin PBXNativeTarget section */
		A9638D571B043CC50026FCD7 /* MqttiOS */ = {
			isa = PBXNativeTarget;
			buildConfigurationList = A9638D771B043CC50026FCD7 /* Build configuration list for PBXNativeTarget "MqttiOS" */;
			buildPhases = (
				A9638D541B043CC50026FCD7 /* Sources */,
				A9638D551B043CC50026FCD7 /* Frameworks */,
				A9638D561B043CC50026FCD7 /* Resources */,
				A9342B631B04446E0091D463 /* Embed Frameworks */,
			);
			buildRules = (
			);
			dependencies = (
			);
			name = MqttiOS;
			productName = MqttiOS;
			productReference = A9638D581B043CC50026FCD7 /* MqttiOS.app */;
			productType = "com.apple.product-type.application";
		};
		A9638D6C1B043CC50026FCD7 /* MqttiOSTests */ = {
			isa = PBXNativeTarget;
			buildConfigurationList = A9638D7A1B043CC50026FCD7 /* Build configuration list for PBXNativeTarget "MqttiOSTests" */;
			buildPhases = (
				A9638D691B043CC50026FCD7 /* Sources */,
				A9638D6A1B043CC50026FCD7 /* Frameworks */,
				A9638D6B1B043CC50026FCD7 /* Resources */,
			);
			buildRules = (
			);
			dependencies = (
				A9638D6F1B043CC50026FCD7 /* PBXTargetDependency */,
			);
			name = MqttiOSTests;
			productName = MqttiOSTests;
			productReference = A9638D6D1B043CC50026FCD7 /* MqttiOSTests.xctest */;
			productType = "com.apple.product-type.bundle.unit-test";
		};
/* End PBXNativeTarget section */

/* Begin PBXProject section */
		A9638D501B043CC50026FCD7 /* Project object */ = {
			isa = PBXProject;
			attributes = {
				LastUpgradeCheck = 0630;
				ORGANIZATIONNAME = braitom;
				TargetAttributes = {
					A9638D571B043CC50026FCD7 = {
						CreatedOnToolsVersion = 6.3.1;
					};
					A9638D6C1B043CC50026FCD7 = {
						CreatedOnToolsVersion = 6.3.1;
						TestTargetID = A9638D571B043CC50026FCD7;
					};
				};
			};
			buildConfigurationList = A9638D531B043CC50026FCD7 /* Build configuration list for PBXProject "MqttiOS" */;
			compatibilityVersion = "Xcode 3.2";
			developmentRegion = English;
			hasScannedForEncodings = 0;
			knownRegions = (
				en,
				Base,
			);
			mainGroup = A9638D4F1B043CC50026FCD7;
			productRefGroup = A9638D591B043CC50026FCD7 /* Products */;
			projectDirPath = "";
			projectRoot = "";
			targets = (
				A9638D571B043CC50026FCD7 /* MqttiOS */,
				A9638D6C1B043CC50026FCD7 /* MqttiOSTests */,
			);
		};
/* End PBXProject section */

/* Begin PBXResourcesBuildPhase section */
		A9638D561B043CC50026FCD7 /* Resources */ = {
			isa = PBXResourcesBuildPhase;
			buildActionMask = 2147483647;
			files = (
				A9638D631B043CC50026FCD7 /* Main.storyboard in Resources */,
				A9638D681B043CC50026FCD7 /* LaunchScreen.xib in Resources */,
				A9638D651B043CC50026FCD7 /* Images.xcassets in Resources */,
			);
			runOnlyForDeploymentPostprocessing = 0;
		};
		A9638D6B1B043CC50026FCD7 /* Resources */ = {
			isa = PBXResourcesBuildPhase;
			buildActionMask = 2147483647;
			files = (
			);
			runOnlyForDeploymentPostprocessing = 0;
		};
/* End PBXResourcesBuildPhase section */

/* Begin PBXSourcesBuildPhase section */
		A9638D541B043CC50026FCD7 /* Sources */ = {
			isa = PBXSourcesBuildPhase;
			buildActionMask = 2147483647;
			files = (
				A9638D601B043CC50026FCD7 /* ViewController.swift in Sources */,
				A9638D5E1B043CC50026FCD7 /* AppDelegate.swift in Sources */,
			);
			runOnlyForDeploymentPostprocessing = 0;
		};
		A9638D691B043CC50026FCD7 /* Sources */ = {
			isa = PBXSourcesBuildPhase;
			buildActionMask = 2147483647;
			files = (
				A9638D741B043CC50026FCD7 /* MqttiOSTests.swift in Sources */,
			);
			runOnlyForDeploymentPostprocessing = 0;
		};
/* End PBXSourcesBuildPhase section */

/* Begin PBXTargetDependency section */
		A9638D6F1B043CC50026FCD7 /* PBXTargetDependency */ = {
			isa = PBXTargetDependency;
			target = A9638D571B043CC50026FCD7 /* MqttiOS */;
			targetProxy = A9638D6E1B043CC50026FCD7 /* PBXContainerItemProxy */;
		};
/* End PBXTargetDependency section */

/* Begin PBXVariantGroup section */
		A9638D611B043CC50026FCD7 /* Main.storyboard */ = {
			isa = PBXVariantGroup;
			children = (
				A9638D621B043CC50026FCD7 /* Base */,
			);
			name = Main.storyboard;
			sourceTree = "<group>";
		};
		A9638D661B043CC50026FCD7 /* LaunchScreen.xib */ = {
			isa = PBXVariantGroup;
			children = (
				A9638D671B043CC50026FCD7 /* Base */,
			);
			name = LaunchScreen.xib;
			sourceTree = "<group>";
		};
/* End PBXVariantGroup section */

/* Begin XCBuildConfiguration section */
		A9638D751B043CC50026FCD7 /* Debug */ = {
			isa = XCBuildConfiguration;
			buildSettings = {
				ALWAYS_SEARCH_USER_PATHS = NO;
				CLANG_CXX_LANGUAGE_STANDARD = "gnu++0x";
				CLANG_CXX_LIBRARY = "libc++";
				CLANG_ENABLE_MODULES = YES;
				CLANG_ENABLE_OBJC_ARC = YES;
				CLANG_WARN_BOOL_CONVERSION = YES;
				CLANG_WARN_CONSTANT_CONVERSION = YES;
				CLANG_WARN_DIRECT_OBJC_ISA_USAGE = YES_ERROR;
				CLANG_WARN_EMPTY_BODY = YES;
				CLANG_WARN_ENUM_CONVERSION = YES;
				CLANG_WARN_INT_CONVERSION = YES;
				CLANG_WARN_OBJC_ROOT_CLASS = YES_ERROR;
				CLANG_WARN_UNREACHABLE_CODE = YES;
				CLANG_WARN__DUPLICATE_METHOD_MATCH = YES;
				"CODE_SIGN_IDENTITY[sdk=iphoneos*]" = "iPhone Developer";
				COPY_PHASE_STRIP = NO;
				DEBUG_INFORMATION_FORMAT = "dwarf-with-dsym";
				ENABLE_STRICT_OBJC_MSGSEND = YES;
				GCC_C_LANGUAGE_STANDARD = gnu99;
				GCC_DYNAMIC_NO_PIC = NO;
				GCC_NO_COMMON_BLOCKS = YES;
				GCC_OPTIMIZATION_LEVEL = 0;
				GCC_PREPROCESSOR_DEFINITIONS = (
					"DEBUG=1",
					"$(inherited)",
				);
				GCC_SYMBOLS_PRIVATE_EXTERN = NO;
				GCC_WARN_64_TO_32_BIT_CONVERSION = YES;
				GCC_WARN_ABOUT_RETURN_TYPE = YES_ERROR;
				GCC_WARN_UNDECLARED_SELECTOR = YES;
				GCC_WARN_UNINITIALIZED_AUTOS = YES_AGGRESSIVE;
				GCC_WARN_UNUSED_FUNCTION = YES;
				GCC_WARN_UNUSED_VARIABLE = YES;
				IPHONEOS_DEPLOYMENT_TARGET = 8.3;
				MTL_ENABLE_DEBUG_INFO = YES;
				ONLY_ACTIVE_ARCH = YES;
				SDKROOT = iphoneos;
				SWIFT_OPTIMIZATION_LEVEL = "-Onone";
			};
			name = Debug;
		};
		A9638D761B043CC50026FCD7 /* Release */ = {
			isa = XCBuildConfiguration;
			buildSettings = {
				ALWAYS_SEARCH_USER_PATHS = NO;
				CLANG_CXX_LANGUAGE_STANDARD = "gnu++0x";
				CLANG_CXX_LIBRARY = "libc++";
				CLANG_ENABLE_MODULES = YES;
				CLANG_ENABLE_OBJC_ARC = YES;
				CLANG_WARN_BOOL_CONVERSION = YES;
				CLANG_WARN_CONSTANT_CONVERSION = YES;
				CLANG_WARN_DIRECT_OBJC_ISA_USAGE = YES_ERROR;
				CLANG_WARN_EMPTY_BODY = YES;
				CLANG_WARN_ENUM_CONVERSION = YES;
				CLANG_WARN_INT_CONVERSION = YES;
				CLANG_WARN_OBJC_ROOT_CLASS = YES_ERROR;
				CLANG_WARN_UNREACHABLE_CODE = YES;
				CLANG_WARN__DUPLICATE_METHOD_MATCH = YES;
				"CODE_SIGN_IDENTITY[sdk=iphoneos*]" = "iPhone Developer";
				COPY_PHASE_STRIP = NO;
				DEBUG_INFORMATION_FORMAT = "dwarf-with-dsym";
				ENABLE_NS_ASSERTIONS = NO;
				ENABLE_STRICT_OBJC_MSGSEND = YES;
				GCC_C_LANGUAGE_STANDARD = gnu99;
				GCC_NO_COMMON_BLOCKS = YES;
				GCC_WARN_64_TO_32_BIT_CONVERSION = YES;
				GCC_WARN_ABOUT_RETURN_TYPE = YES_ERROR;
				GCC_WARN_UNDECLARED_SELECTOR = YES;
				GCC_WARN_UNINITIALIZED_AUTOS = YES_AGGRESSIVE;
				GCC_WARN_UNUSED_FUNCTION = YES;
				GCC_WARN_UNUSED_VARIABLE = YES;
				IPHONEOS_DEPLOYMENT_TARGET = 8.3;
				MTL_ENABLE_DEBUG_INFO = NO;
				SDKROOT = iphoneos;
				VALIDATE_PRODUCT = YES;
			};
			name = Release;
		};
		A9638D781B043CC50026FCD7 /* Debug */ = {
			isa = XCBuildConfiguration;
			buildSettings = {
				ASSETCATALOG_COMPILER_APPICON_NAME = AppIcon;
				FRAMEWORK_SEARCH_PATHS = (
					"$(inherited)",
					"$(USER_LIBRARY_DIR)/Developer/Xcode/DerivedData/Moscapsule-gdjfjeqajkzlhldzwftxwgvkahcd/Build/Products/Debug-iphoneos",
				);
				INFOPLIST_FILE = MqttiOS/Info.plist;
				LD_RUNPATH_SEARCH_PATHS = "$(inherited) @executable_path/Frameworks";
				PRODUCT_NAME = "$(TARGET_NAME)";
			};
			name = Debug;
		};
		A9638D791B043CC50026FCD7 /* Release */ = {
			isa = XCBuildConfiguration;
			buildSettings = {
				ASSETCATALOG_COMPILER_APPICON_NAME = AppIcon;
				FRAMEWORK_SEARCH_PATHS = (
					"$(inherited)",
					"$(USER_LIBRARY_DIR)/Developer/Xcode/DerivedData/Moscapsule-gdjfjeqajkzlhldzwftxwgvkahcd/Build/Products/Debug-iphoneos",
				);
				INFOPLIST_FILE = MqttiOS/Info.plist;
				LD_RUNPATH_SEARCH_PATHS = "$(inherited) @executable_path/Frameworks";
				PRODUCT_NAME = "$(TARGET_NAME)";
			};
			name = Release;
		};
		A9638D7B1B043CC50026FCD7 /* Debug */ = {
			isa = XCBuildConfiguration;
			buildSettings = {
				BUNDLE_LOADER = "$(TEST_HOST)";
				FRAMEWORK_SEARCH_PATHS = (
					"$(SDKROOT)/Developer/Library/Frameworks",
					"$(inherited)",
				);
				GCC_PREPROCESSOR_DEFINITIONS = (
					"DEBUG=1",
					"$(inherited)",
				);
				INFOPLIST_FILE = MqttiOSTests/Info.plist;
				LD_RUNPATH_SEARCH_PATHS = "$(inherited) @executable_path/Frameworks @loader_path/Frameworks";
				PRODUCT_NAME = "$(TARGET_NAME)";
				TEST_HOST = "$(BUILT_PRODUCTS_DIR)/MqttiOS.app/MqttiOS";
			};
			name = Debug;
		};
		A9638D7C1B043CC50026FCD7 /* Release */ = {
			isa = XCBuildConfiguration;
			buildSettings = {
				BUNDLE_LOADER = "$(TEST_HOST)";
				FRAMEWORK_SEARCH_PATHS = (
					"$(SDKROOT)/Developer/Library/Frameworks",
					"$(inherited)",
				);
				INFOPLIST_FILE = MqttiOSTests/Info.plist;
				LD_RUNPATH_SEARCH_PATHS = "$(inherited) @executable_path/Frameworks @loader_path/Frameworks";
				PRODUCT_NAME = "$(TARGET_NAME)";
				TEST_HOST = "$(BUILT_PRODUCTS_DIR)/MqttiOS.app/MqttiOS";
			};
			name = Release;
		};
/* End XCBuildConfiguration section */

/* Begin XCConfigurationList section */
		A9638D531B043CC50026FCD7 /* Build configuration list for PBXProject "MqttiOS" */ = {
			isa = XCConfigurationList;
			buildConfigurations = (
				A9638D751B043CC50026FCD7 /* Debug */,
				A9638D761B043CC50026FCD7 /* Release */,
			);
			defaultConfigurationIsVisible = 0;
			defaultConfigurationName = Release;
		};
		A9638D771B043CC50026FCD7 /* Build configuration list for PBXNativeTarget "MqttiOS" */ = {
			isa = XCConfigurationList;
			buildConfigurations = (
				A9638D781B043CC50026FCD7 /* Debug */,
				A9638D791B043CC50026FCD7 /* Release */,
			);
			defaultConfigurationIsVisible = 0;
			defaultConfigurationName = Release;
		};
		A9638D7A1B043CC50026FCD7 /* Build configuration list for PBXNativeTarget "MqttiOSTests" */ = {
			isa = XCConfigurationList;
			buildConfigurations = (
				A9638D7B1B043CC50026FCD7 /* Debug */,
				A9638D7C1B043CC50026FCD7 /* Release */,
			);
			defaultConfigurationIsVisible = 0;
			defaultConfigurationName = Release;
		};
/* End XCConfigurationList section */
	};
	rootObject = A9638D501B043CC50026FCD7 /* Project object */;
}
